
Microsoft Visual Studio Solution File, Format Version 11.00
# Visual Studio 2010
# SharpDevelop 5.1
Project("{FAE04EC0-301F-11D3-BF4B-00C04F79EFBC}") = "ActualizadorSaldosWO", "ActualizadorSaldosWO\ActualizadorSaldosWO.csproj", "{18853B88-8CBF-433F-AD25-083CF86A39D0}"
EndProject
Global
	GlobalSection(SolutionConfigurationPlatforms) = preSolution
		Debug|Any CPU = Debug|Any CPU
		Release|Any CPU = Release|Any CPU
	EndGlobalSection
	GlobalSection(ProjectConfigurationPlatforms) = postSolution
		{18853B88-8CBF-433F-AD25-083CF86A39D0}.Debug|Any CPU.ActiveCfg = Debug|Any CPU
		{18853B88-8CBF-433F-AD25-083CF86A39D0}.Debug|Any CPU.Build.0 = Debug|Any CPU
		{18853B88-8CBF-433F-AD25-083CF86A39D0}.Release|Any CPU.ActiveCfg = Release|Any CPU
		{18853B88-8CBF-433F-AD25-083CF86A39D0}.Release|Any CPU.Build.0 = Release|Any CPU
	EndGlobalSection
EndGlobal
